// !$*UTF8*$!
{
	archiveVersion = 1;
	classes = {
	};
	objectVersion = 46;
	objects = {

/* Begin PBXBuildFile section */
		40C8A3D61C83AE7200DE88EB /* AppDelegate.swift in Sources */ = {isa = PBXBuildFile; fileRef = 40C8A3D51C83AE7200DE88EB /* AppDelegate.swift */; };
		40C8A3D81C83AE7200DE88EB /* ViewController.swift in Sources */ = {isa = PBXBuildFile; fileRef = 40C8A3D71C83AE7200DE88EB /* ViewController.swift */; };
		40C8A3DB1C83AE7200DE88EB /* Main.storyboard in Resources */ = {isa = PBXBuildFile; fileRef = 40C8A3D91C83AE7200DE88EB /* Main.storyboard */; };
		40C8A3DD1C83AE7200DE88EB /* Assets.xcassets in Resources */ = {isa = PBXBuildFile; fileRef = 40C8A3DC1C83AE7200DE88EB /* Assets.xcassets */; };
		40C8A3E01C83AE7200DE88EB /* LaunchScreen.storyboard in Resources */ = {isa = PBXBuildFile; fileRef = 40C8A3DE1C83AE7200DE88EB /* LaunchScreen.storyboard */; };
		40C8A3EB1C83AE7200DE88EB /* pruebaGitTests.swift in Sources */ = {isa = PBXBuildFile; fileRef = 40C8A3EA1C83AE7200DE88EB /* pruebaGitTests.swift */; };
		40C8A3F61C83AE7200DE88EB /* pruebaGitUITests.swift in Sources */ = {isa = PBXBuildFile; fileRef = 40C8A3F51C83AE7200DE88EB /* pruebaGitUITests.swift */; };
/* End PBXBuildFile section */

/* Begin PBXContainerItemProxy section */
		40C8A3E71C83AE7200DE88EB /* PBXContainerItemProxy */ = {
			isa = PBXContainerItemProxy;
			containerPortal = 40C8A3CA1C83AE7200DE88EB /* Project object */;
			proxyType = 1;
			remoteGlobalIDString = 40C8A3D11C83AE7200DE88EB;
			remoteInfo = pruebaGit;
		};
		40C8A3F21C83AE7200DE88EB /* PBXContainerItemProxy */ = {
			isa = PBXContainerItemProxy;
			containerPortal = 40C8A3CA1C83AE7200DE88EB /* Project object */;
			proxyType = 1;
			remoteGlobalIDString = 40C8A3D11C83AE7200DE88EB;
			remoteInfo = pruebaGit;
		};
/* End PBXContainerItemProxy section */

/* Begin PBXFileReference section */
		40C8A3D21C83AE7200DE88EB /* pruebaGit.app */ = {isa = PBXFileReference; explicitFileType = wrapper.application; includeInIndex = 0; path = pruebaGit.app; sourceTree = BUILT_PRODUCTS_DIR; };
		40C8A3D51C83AE7200DE88EB /* AppDelegate.swift */ = {isa = PBXFileReference; lastKnownFileType = sourcecode.swift; path = AppDelegate.swift; sourceTree = "<group>"; };
		40C8A3D71C83AE7200DE88EB /* ViewController.swift */ = {isa = PBXFileReference; lastKnownFileType = sourcecode.swift; path = ViewController.swift; sourceTree = "<group>"; };
		40C8A3DA1C83AE7200DE88EB /* Base */ = {isa = PBXFileReference; lastKnownFileType = file.storyboard; name = Base; path = Base.lproj/Main.storyboard; sourceTree = "<group>"; };
		40C8A3DC1C83AE7200DE88EB /* Assets.xcassets */ = {isa = PBXFileReference; lastKnownFileType = folder.assetcatalog; path = Assets.xcassets; sourceTree = "<group>"; };
		40C8A3DF1C83AE7200DE88EB /* Base */ = {isa = PBXFileReference; lastKnownFileType = file.storyboard; name = Base; path = Base.lproj/LaunchScreen.storyboard; sourceTree = "<group>"; };
		40C8A3E11C83AE7200DE88EB /* Info.plist */ = {isa = PBXFileReference; lastKnownFileType = text.plist.xml; path = Info.plist; sourceTree = "<group>"; };
		40C8A3E61C83AE7200DE88EB /* pruebaGitTests.xctest */ = {isa = PBXFileReference; explicitFileType = wrapper.cfbundle; includeInIndex = 0; path = pruebaGitTests.xctest; sourceTree = BUILT_PRODUCTS_DIR; };
		40C8A3EA1C83AE7200DE88EB /* pruebaGitTests.swift */ = {isa = PBXFileReference; lastKnownFileType = sourcecode.swift; path = pruebaGitTests.swift; sourceTree = "<group>"; };
		40C8A3EC1C83AE7200DE88EB /* Info.plist */ = {isa = PBXFileReference; lastKnownFileType = text.plist.xml; path = Info.plist; sourceTree = "<group>"; };
		40C8A3F11C83AE7200DE88EB /* pruebaGitUITests.xctest */ = {isa = PBXFileReference; explicitFileType = wrapper.cfbundle; includeInIndex = 0; path = pruebaGitUITests.xctest; sourceTree = BUILT_PRODUCTS_DIR; };
		40C8A3F51C83AE7200DE88EB /* pruebaGitUITests.swift */ = {isa = PBXFileReference; lastKnownFileType = sourcecode.swift; path = pruebaGitUITests.swift; sourceTree = "<group>"; };
		40C8A3F71C83AE7200DE88EB /* Info.plist */ = {isa = PBXFileReference; lastKnownFileType = text.plist.xml; path = Info.plist; sourceTree = "<group>"; };
/* End PBXFileReference section */

/* Begin PBXFrameworksBuildPhase section */
		40C8A3CF1C83AE7200DE88EB /* Frameworks */ = {
			isa = PBXFrameworksBuildPhase;
			buildActionMask = 2147483647;
			files = (
			);
			runOnlyForDeploymentPostprocessing = 0;
		};
		40C8A3E31C83AE7200DE88EB /* Frameworks */ = {
			isa = PBXFrameworksBuildPhase;
			buildActionMask = 2147483647;
			files = (
			);
			runOnlyForDeploymentPostprocessing = 0;
		};
		40C8A3EE1C83AE7200DE88EB /* Frameworks */ = {
			isa = PBXFrameworksBuildPhase;
			buildActionMask = 2147483647;
			files = (
			);
			runOnlyForDeploymentPostprocessing = 0;
		};
/* End PBXFrameworksBuildPhase section */

/* Begin PBXGroup section */
		40C8A3C91C83AE7200DE88EB = {
			isa = PBXGroup;
			children = (
				40C8A3D41C83AE7200DE88EB /* pruebaGit */,
				40C8A3E91C83AE7200DE88EB /* pruebaGitTests */,
				40C8A3F41C83AE7200DE88EB /* pruebaGitUITests */,
				40C8A3D31C83AE7200DE88EB /* Products */,
			);
			sourceTree = "<group>";
		};
		40C8A3D31C83AE7200DE88EB /* Products */ = {
			isa = PBXGroup;
			children = (
				40C8A3D21C83AE7200DE88EB /* pruebaGit.app */,
				40C8A3E61C83AE7200DE88EB /* pruebaGitTests.xctest */,
				40C8A3F11C83AE7200DE88EB /* pruebaGitUITests.xctest */,
			);
			name = Products;
			sourceTree = "<group>";
		};
		40C8A3D41C83AE7200DE88EB /* pruebaGit */ = {
			isa = PBXGroup;
			children = (
				40C8A3D51C83AE7200DE88EB /* AppDelegate.swift */,
				40C8A3D71C83AE7200DE88EB /* ViewController.swift */,
				40C8A3D91C83AE7200DE88EB /* Main.storyboard */,
				40C8A3DC1C83AE7200DE88EB /* Assets.xcassets */,
				40C8A3DE1C83AE7200DE88EB /* LaunchScreen.storyboard */,
				40C8A3E11C83AE7200DE88EB /* Info.plist */,
			);
			path = pruebaGit;
			sourceTree = "<group>";
		};
		40C8A3E91C83AE7200DE88EB /* pruebaGitTests */ = {
			isa = PBXGroup;
			children = (
				40C8A3EA1C83AE7200DE88EB /* pruebaGitTests.swift */,
				40C8A3EC1C83AE7200DE88EB /* Info.plist */,
			);
			path = pruebaGitTests;
			sourceTree = "<group>";
		};
		40C8A3F41C83AE7200DE88EB /* pruebaGitUITests */ = {
			isa = PBXGroup;
			children = (
				40C8A3F51C83AE7200DE88EB /* pruebaGitUITests.swift */,
				40C8A3F71C83AE7200DE88EB /* Info.plist */,
			);
			path = pruebaGitUITests;
			sourceTree = "<group>";
		};
/* End PBXGroup section */

/* Begin PBXNativeTarget section */
		40C8A3D11C83AE7200DE88EB /* pruebaGit */ = {
			isa = PBXNativeTarget;
			buildConfigurationList = 40C8A3FA1C83AE7200DE88EB /* Build configuration list for PBXNativeTarget "pruebaGit" */;
			buildPhases = (
				40C8A3CE1C83AE7200DE88EB /* Sources */,
				40C8A3CF1C83AE7200DE88EB /* Frameworks */,
				40C8A3D01C83AE7200DE88EB /* Resources */,
			);
			buildRules = (
			);
			dependencies = (
			);
			name = pruebaGit;
			productName = pruebaGit;
			productReference = 40C8A3D21C83AE7200DE88EB /* pruebaGit.app */;
			productType = "com.apple.product-type.application";
		};
		40C8A3E51C83AE7200DE88EB /* pruebaGitTests */ = {
			isa = PBXNativeTarget;
			buildConfigurationList = 40C8A3FD1C83AE7200DE88EB /* Build configuration list for PBXNativeTarget "pruebaGitTests" */;
			buildPhases = (
				40C8A3E21C83AE7200DE88EB /* Sources */,
				40C8A3E31C83AE7200DE88EB /* Frameworks */,
				40C8A3E41C83AE7200DE88EB /* Resources */,
			);
			buildRules = (
			);
			dependencies = (
				40C8A3E81C83AE7200DE88EB /* PBXTargetDependency */,
			);
			name = pruebaGitTests;
			productName = pruebaGitTests;
			productReference = 40C8A3E61C83AE7200DE88EB /* pruebaGitTests.xctest */;
			productType = "com.apple.product-type.bundle.unit-test";
		};
		40C8A3F01C83AE7200DE88EB /* pruebaGitUITests */ = {
			isa = PBXNativeTarget;
			buildConfigurationList = 40C8A4001C83AE7200DE88EB /* Build configuration list for PBXNativeTarget "pruebaGitUITests" */;
			buildPhases = (
				40C8A3ED1C83AE7200DE88EB /* Sources */,
				40C8A3EE1C83AE7200DE88EB /* Frameworks */,
				40C8A3EF1C83AE7200DE88EB /* Resources */,
			);
			buildRules = (
			);
			dependencies = (
				40C8A3F31C83AE7200DE88EB /* PBXTargetDependency */,
			);
			name = pruebaGitUITests;
			productName = pruebaGitUITests;
			productReference = 40C8A3F11C83AE7200DE88EB /* pruebaGitUITests.xctest */;
			productType = "com.apple.product-type.bundle.ui-testing";
		};
/* End PBXNativeTarget section */

/* Begin PBXProject section */
		40C8A3CA1C83AE7200DE88EB /* Project object */ = {
			isa = PBXProject;
			attributes = {
				LastUpgradeCheck = 0700;
				ORGANIZATIONNAME = "JUAN ANTONIO ROJAS HINOJOSA";
				TargetAttributes = {
					40C8A3D11C83AE7200DE88EB = {
						CreatedOnToolsVersion = 7.0;
					};
					40C8A3E51C83AE7200DE88EB = {
						CreatedOnToolsVersion = 7.0;
						TestTargetID = 40C8A3D11C83AE7200DE88EB;
					};
					40C8A3F01C83AE7200DE88EB = {
						CreatedOnToolsVersion = 7.0;
						TestTargetID = 40C8A3D11C83AE7200DE88EB;
					};
				};
			};
			buildConfigurationList = 40C8A3CD1C83AE7200DE88EB /* Build configuration list for PBXProject "pruebaGit" */;
			compatibilityVersion = "Xcode 3.2";
			developmentRegion = English;
			hasScannedForEncodings = 0;
			knownRegions = (
				en,
				Base,
			);
			mainGroup = 40C8A3C91C83AE7200DE88EB;
			productRefGroup = 40C8A3D31C83AE7200DE88EB /* Products */;
			projectDirPath = "";
			projectRoot = "";
			targets = (
				40C8A3D11C83AE7200DE88EB /* pruebaGit */,
				40C8A3E51C83AE7200DE88EB /* pruebaGitTests */,
				40C8A3F01C83AE7200DE88EB /* pruebaGitUITests */,
			);
		};
/* End PBXProject section */

/* Begin PBXResourcesBuildPhase section */
		40C8A3D01C83AE7200DE88EB /* Resources */ = {
			isa = PBXResourcesBuildPhase;
			buildActionMask = 2147483647;
			files = (
				40C8A3E01C83AE7200DE88EB /* LaunchScreen.storyboard in Resources */,
				40C8A3DD1C83AE7200DE88EB /* Assets.xcassets in Resources */,
				40C8A3DB1C83AE7200DE88EB /* Main.storyboard in Resources */,
			);
			runOnlyForDeploymentPostprocessing = 0;
		};
		40C8A3E41C83AE7200DE88EB /* Resources */ = {
			isa = PBXResourcesBuildPhase;
			buildActionMask = 2147483647;
			files = (
			);
			runOnlyForDeploymentPostprocessing = 0;
		};
		40C8A3EF1C83AE7200DE88EB /* Resources */ = {
			isa = PBXResourcesBuildPhase;
			buildActionMask = 2147483647;
			files = (
			);
			runOnlyForDeploymentPostprocessing = 0;
		};
/* End PBXResourcesBuildPhase section */

/* Begin PBXSourcesBuildPhase section */
		40C8A3CE1C83AE7200DE88EB /* Sources */ = {
			isa = PBXSourcesBuildPhase;
			buildActionMask = 2147483647;
			files = (
				40C8A3D81C83AE7200DE88EB /* ViewController.swift in Sources */,
				40C8A3D61C83AE7200DE88EB /* AppDelegate.swift in Sources */,
			);
			runOnlyForDeploymentPostprocessing = 0;
		};
		40C8A3E21C83AE7200DE88EB /* Sources */ = {
			isa = PBXSourcesBuildPhase;
			buildActionMask = 2147483647;
			files = (
				40C8A3EB1C83AE7200DE88EB /* pruebaGitTests.swift in Sources */,
			);
			runOnlyForDeploymentPostprocessing = 0;
		};
		40C8A3ED1C83AE7200DE88EB /* Sources */ = {
			isa = PBXSourcesBuildPhase;
			buildActionMask = 2147483647;
			files = (
				40C8A3F61C83AE7200DE88EB /* pruebaGitUITests.swift in Sources */,
			);
			runOnlyForDeploymentPostprocessing = 0;
		};
/* End PBXSourcesBuildPhase section */

/* Begin PBXTargetDependency section */
		40C8A3E81C83AE7200DE88EB /* PBXTargetDependency */ = {
			isa = PBXTargetDependency;
			target = 40C8A3D11C83AE7200DE88EB /* pruebaGit */;
			targetProxy = 40C8A3E71C83AE7200DE88EB /* PBXContainerItemProxy */;
		};
		40C8A3F31C83AE7200DE88EB /* PBXTargetDependency */ = {
			isa = PBXTargetDependency;
			target = 40C8A3D11C83AE7200DE88EB /* pruebaGit */;
			targetProxy = 40C8A3F21C83AE7200DE88EB /* PBXContainerItemProxy */;
		};
/* End PBXTargetDependency section */

/* Begin PBXVariantGroup section */
		40C8A3D91C83AE7200DE88EB /* Main.storyboard */ = {
			isa = PBXVariantGroup;
			children = (
				40C8A3DA1C83AE7200DE88EB /* Base */,
			);
			name = Main.storyboard;
			sourceTree = "<group>";
		};
		40C8A3DE1C83AE7200DE88EB /* LaunchScreen.storyboard */ = {
			isa = PBXVariantGroup;
			children = (
				40C8A3DF1C83AE7200DE88EB /* Base */,
			);
			name = LaunchScreen.storyboard;
			sourceTree = "<group>";
		};
/* End PBXVariantGroup section */

/* Begin XCBuildConfiguration section */
		40C8A3F81C83AE7200DE88EB /* Debug */ = {
			isa = XCBuildConfiguration;
			buildSettings = {
				ALWAYS_SEARCH_USER_PATHS = NO;
				CLANG_CXX_LANGUAGE_STANDARD = "gnu++0x";
				CLANG_CXX_LIBRARY = "libc++";
				CLANG_ENABLE_MODULES = YES;
				CLANG_ENABLE_OBJC_ARC = YES;
				CLANG_WARN_BOOL_CONVERSION = YES;
				CLANG_WARN_CONSTANT_CONVERSION = YES;
				CLANG_WARN_DIRECT_OBJC_ISA_USAGE = YES_ERROR;
				CLANG_WARN_EMPTY_BODY = YES;
				CLANG_WARN_ENUM_CONVERSION = YES;
				CLANG_WARN_INT_CONVERSION = YES;
				CLANG_WARN_OBJC_ROOT_CLASS = YES_ERROR;
				CLANG_WARN_UNREACHABLE_CODE = YES;
				CLANG_WARN__DUPLICATE_METHOD_MATCH = YES;
				"CODE_SIGN_IDENTITY[sdk=iphoneos*]" = "iPhone Developer";
				COPY_PHASE_STRIP = NO;
				DEBUG_INFORMATION_FORMAT = dwarf;
				ENABLE_STRICT_OBJC_MSGSEND = YES;
				ENABLE_TESTABILITY = YES;
				GCC_C_LANGUAGE_STANDARD = gnu99;
				GCC_DYNAMIC_NO_PIC = NO;
				GCC_NO_COMMON_BLOCKS = YES;
				GCC_OPTIMIZATION_LEVEL = 0;
				GCC_PREPROCESSOR_DEFINITIONS = (
					"DEBUG=1",
					"$(inherited)",
				);
				GCC_WARN_64_TO_32_BIT_CONVERSION = YES;
				GCC_WARN_ABOUT_RETURN_TYPE = YES_ERROR;
				GCC_WARN_UNDECLARED_SELECTOR = YES;
				GCC_WARN_UNINITIALIZED_AUTOS = YES_AGGRESSIVE;
				GCC_WARN_UNUSED_FUNCTION = YES;
				GCC_WARN_UNUSED_VARIABLE = YES;
				IPHONEOS_DEPLOYMENT_TARGET = 9.0;
				MTL_ENABLE_DEBUG_INFO = YES;
				ONLY_ACTIVE_ARCH = YES;
				SDKROOT = iphoneos;
				SWIFT_OPTIMIZATION_LEVEL = "-Onone";
				TARGETED_DEVICE_FAMILY = 2;
			};
			name = Debug;
		};
		40C8A3F91C83AE7200DE88EB /* Release */ = {
			isa = XCBuildConfiguration;
			buildSettings = {
				ALWAYS_SEARCH_USER_PATHS = NO;
				CLANG_CXX_LANGUAGE_STANDARD = "gnu++0x";
				CLANG_CXX_LIBRARY = "libc++";
				CLANG_ENABLE_MODULES = YES;
				CLANG_ENABLE_OBJC_ARC = YES;
				CLANG_WARN_BOOL_CONVERSION = YES;
				CLANG_WARN_CONSTANT_CONVERSION = YES;
				CLANG_WARN_DIRECT_OBJC_ISA_USAGE = YES_ERROR;
				CLANG_WARN_EMPTY_BODY = YES;
				CLANG_WARN_ENUM_CONVERSION = YES;
				CLANG_WARN_INT_CONVERSION = YES;
				CLANG_WARN_OBJC_ROOT_CLASS = YES_ERROR;
				CLANG_WARN_UNREACHABLE_CODE = YES;
				CLANG_WARN__DUPLICATE_METHOD_MATCH = YES;
				"CODE_SIGN_IDENTITY[sdk=iphoneos*]" = "iPhone Developer";
				COPY_PHASE_STRIP = NO;
				DEBUG_INFORMATION_FORMAT = "dwarf-with-dsym";
				ENABLE_NS_ASSERTIONS = NO;
				ENABLE_STRICT_OBJC_MSGSEND = YES;
				GCC_C_LANGUAGE_STANDARD = gnu99;
				GCC_NO_COMMON_BLOCKS = YES;
				GCC_WARN_64_TO_32_BIT_CONVERSION = YES;
				GCC_WARN_ABOUT_RETURN_TYPE = YES_ERROR;
				GCC_WARN_UNDECLARED_SELECTOR = YES;
				GCC_WARN_UNINITIALIZED_AUTOS = YES_AGGRESSIVE;
				GCC_WARN_UNUSED_FUNCTION = YES;
				GCC_WARN_UNUSED_VARIABLE = YES;
				IPHONEOS_DEPLOYMENT_TARGET = 9.0;
				MTL_ENABLE_DEBUG_INFO = NO;
				SDKROOT = iphoneos;
				TARGETED_DEVICE_FAMILY = 2;
				VALIDATE_PRODUCT = YES;
			};
			name = Release;
		};
		40C8A3FB1C83AE7200DE88EB /* Debug */ = {
			isa = XCBuildConfiguration;
			buildSettings = {
				ASSETCATALOG_COMPILER_APPICON_NAME = AppIcon;
				INFOPLIST_FILE = pruebaGit/Info.plist;
				LD_RUNPATH_SEARCH_PATHS = "$(inherited) @executable_path/Frameworks";
				PRODUCT_BUNDLE_IDENTIFIER = H.pruebaGit;
				PRODUCT_NAME = "$(TARGET_NAME)";
			};
			name = Debug;
		};
		40C8A3FC1C83AE7200DE88EB /* Release */ = {
			isa = XCBuildConfiguration;
			buildSettings = {
				ASSETCATALOG_COMPILER_APPICON_NAME = AppIcon;
				INFOPLIST_FILE = pruebaGit/Info.plist;
				LD_RUNPATH_SEARCH_PATHS = "$(inherited) @executable_path/Frameworks";
				PRODUCT_BUNDLE_IDENTIFIER = H.pruebaGit;
				PRODUCT_NAME = "$(TARGET_NAME)";
			};
			name = Release;
		};
		40C8A3FE1C83AE7200DE88EB /* Debug */ = {
			isa = XCBuildConfiguration;
			buildSettings = {
				BUNDLE_LOADER = "$(TEST_HOST)";
				INFOPLIST_FILE = pruebaGitTests/Info.plist;
				LD_RUNPATH_SEARCH_PATHS = "$(inherited) @executable_path/Frameworks @loader_path/Frameworks";
				PRODUCT_BUNDLE_IDENTIFIER = H.pruebaGitTests;
				PRODUCT_NAME = "$(TARGET_NAME)";
				TEST_HOST = "$(BUILT_PRODUCTS_DIR)/pruebaGit.app/pruebaGit";
			};
			name = Debug;
		};
		40C8A3FF1C83AE7200DE88EB /* Release */ = {
			isa = XCBuildConfiguration;
			buildSettings = {
				BUNDLE_LOADER = "$(TEST_HOST)";
				INFOPLIST_FILE = pruebaGitTests/Info.plist;
				LD_RUNPATH_SEARCH_PATHS = "$(inherited) @executable_path/Frameworks @loader_path/Frameworks";
				PRODUCT_BUNDLE_IDENTIFIER = H.pruebaGitTests;
				PRODUCT_NAME = "$(TARGET_NAME)";
				TEST_HOST = "$(BUILT_PRODUCTS_DIR)/pruebaGit.app/pruebaGit";
			};
			name = Release;
		};
		40C8A4011C83AE7200DE88EB /* Debug */ = {
			isa = XCBuildConfiguration;
			buildSettings = {
				INFOPLIST_FILE = pruebaGitUITests/Info.plist;
				LD_RUNPATH_SEARCH_PATHS = "$(inherited) @executable_path/Frameworks @loader_path/Frameworks";
				PRODUCT_BUNDLE_IDENTIFIER = H.pruebaGitUITests;
				PRODUCT_NAME = "$(TARGET_NAME)";
				TEST_TARGET_NAME = pruebaGit;
				USES_XCTRUNNER = YES;
			};
			name = Debug;
		};
		40C8A4021C83AE7200DE88EB /* Release */ = {
			isa = XCBuildConfiguration;
			buildSettings = {
				INFOPLIST_FILE = pruebaGitUITests/Info.plist;
				LD_RUNPATH_SEARCH_PATHS = "$(inherited) @executable_path/Frameworks @loader_path/Frameworks";
				PRODUCT_BUNDLE_IDENTIFIER = H.pruebaGitUITests;
				PRODUCT_NAME = "$(TARGET_NAME)";
				TEST_TARGET_NAME = pruebaGit;
				USES_XCTRUNNER = YES;
			};
			name = Release;
		};
/* End XCBuildConfiguration section */

/* Begin XCConfigurationList section */
		40C8A3CD1C83AE7200DE88EB /* Build configuration list for PBXProject "pruebaGit" */ = {
			isa = XCConfigurationList;
			buildConfigurations = (
				40C8A3F81C83AE7200DE88EB /* Debug */,
				40C8A3F91C83AE7200DE88EB /* Release */,
			);
			defaultConfigurationIsVisible = 0;
			defaultConfigurationName = Release;
		};
		40C8A3FA1C83AE7200DE88EB /* Build configuration list for PBXNativeTarget "pruebaGit" */ = {
			isa = XCConfigurationList;
			buildConfigurations = (
				40C8A3FB1C83AE7200DE88EB /* Debug */,
				40C8A3FC1C83AE7200DE88EB /* Release */,
			);
			defaultConfigurationIsVisible = 0;
		};
		40C8A3FD1C83AE7200DE88EB /* Build configuration list for PBXNativeTarget "pruebaGitTests" */ = {
			isa = XCConfigurationList;
			buildConfigurations = (
				40C8A3FE1C83AE7200DE88EB /* Debug */,
				40C8A3FF1C83AE7200DE88EB /* Release */,
			);
			defaultConfigurationIsVisible = 0;
		};
		40C8A4001C83AE7200DE88EB /* Build configuration list for PBXNativeTarget "pruebaGitUITests" */ = {
			isa = XCConfigurationList;
			buildConfigurations = (
				40C8A4011C83AE7200DE88EB /* Debug */,
				40C8A4021C83AE7200DE88EB /* Release */,
			);
			defaultConfigurationIsVisible = 0;
		};
/* End XCConfigurationList section */
	};
	rootObject = 40C8A3CA1C83AE7200DE88EB /* Project object */;
}
